
Microsoft Visual Studio Solution File, Format Version 12.00
# Visual Studio Version 17
VisualStudioVersion = 17.1.31911.260
MinimumVisualStudioVersion = 10.0.40219.1
Project("{FAE04EC0-301F-11D3-BF4B-00C04F79EFBC}") = "AlmostEmptyStarter", "AlmostEmptyStarter\AlmostEmptyStarter.csproj", "{47BFA21A-742E-4141-9CC9-6E51B84DD3E0}"
EndProject
Global
	GlobalSection(SolutionConfigurationPlatforms) = preSolution
		Debug|Any CPU = Debug|Any CPU
		Release|Any CPU = Release|Any CPU
	EndGlobalSection
	GlobalSection(ProjectConfigurationPlatforms) = postSolution
		{47BFA21A-742E-4141-9CC9-6E51B84DD3E0}.Debug|Any CPU.ActiveCfg = Debug|Any CPU
		{47BFA21A-742E-4141-9CC9-6E51B84DD3E0}.Debug|Any CPU.Build.0 = Debug|Any CPU
		{47BFA21A-742E-4141-9CC9-6E51B84DD3E0}.Release|Any CPU.ActiveCfg = Release|Any CPU
		{47BFA21A-742E-4141-9CC9-6E51B84DD3E0}.Release|Any CPU.Build.0 = Release|Any CPU
	EndGlobalSection
	GlobalSection(SolutionProperties) = preSolution
		HideSolutionNode = FALSE
	EndGlobalSection
	GlobalSection(ExtensibilityGlobals) = postSolution
		SolutionGuid = {D8B66853-2270-4F78-8171-4B943D070116}
	EndGlobalSection
EndGlobal
